
Microsoft Visual Studio Solution File, Format Version 12.00
# Visual Studio Version 17
VisualStudioVersion = 17.10.34928.147
MinimumVisualStudioVersion = 10.0.40219.1
Project("{FAE04EC0-301F-11D3-BF4B-00C04F79EFBC}") = "SkillsTest", "SkillsTest\SkillsTest.csproj", "{E1D43842-08FC-40E8-A735-7C5798A7EEF2}"
EndProject
Global
	GlobalSection(SolutionConfigurationPlatforms) = preSolution
		Debug|Any CPU = Debug|Any CPU
		Release|Any CPU = Release|Any CPU
	EndGlobalSection
	GlobalSection(ProjectConfigurationPlatforms) = postSolution
		{E1D43842-08FC-40E8-A735-7C5798A7EEF2}.Debug|Any CPU.ActiveCfg = Debug|Any CPU
		{E1D43842-08FC-40E8-A735-7C5798A7EEF2}.Debug|Any CPU.Build.0 = Debug|Any CPU
		{E1D43842-08FC-40E8-A735-7C5798A7EEF2}.Release|Any CPU.ActiveCfg = Release|Any CPU
		{E1D43842-08FC-40E8-A735-7C5798A7EEF2}.Release|Any CPU.Build.0 = Release|Any CPU
	EndGlobalSection
	GlobalSection(SolutionProperties) = preSolution
		HideSolutionNode = FALSE
	EndGlobalSection
	GlobalSection(ExtensibilityGlobals) = postSolution
		SolutionGuid = {1535C301-C915-44EB-B9E6-CB194E2866C8}
	EndGlobalSection
EndGlobal
